
Microsoft Visual Studio Solution File, Format Version 12.00
# Visual Studio 15
VisualStudioVersion = 15.0.27428.2005
MinimumVisualStudioVersion = 10.0.40219.1
Project("{FAE04EC0-301F-11D3-BF4B-00C04F79EFBC}") = "TeamBoss.GAC.Vitality.Logic", "TeamBoss.GAC.Vitality.Logic\TeamBoss.GAC.Vitality.Logic.csproj", "{F99141E8-0CEF-404D-843F-A528A2DC6C02}"
EndProject
Project("{FAE04EC0-301F-11D3-BF4B-00C04F79EFBC}") = "TeamBoss.GAC.Vitality.Data", "TeamBoss.GAC.Vitality.Data\TeamBoss.GAC.Vitality.Data.csproj", "{FAEFB1EA-1952-4DB8-A872-99CDDC26AA95}"
EndProject
Project("{9A19103F-16F7-4668-BE54-9A1E7A4F7556}") = "TeamBoss.GAC.Vitality.AspCore", "TeamBoss.GAC.Vitality.AspCore\TeamBoss.GAC.Vitality.AspCore.csproj", "{DD84ED49-1261-4A18-8782-76934500FF8F}"
EndProject
Project("{FAE04EC0-301F-11D3-BF4B-00C04F79EFBC}") = "AspFramework", "AspFramework\AspFramework.csproj", "{B95DEE1C-0185-431E-9579-CCB6F2159371}"
EndProject
Global
	GlobalSection(SolutionConfigurationPlatforms) = preSolution
		Debug|Any CPU = Debug|Any CPU
		Release|Any CPU = Release|Any CPU
	EndGlobalSection
	GlobalSection(ProjectConfigurationPlatforms) = postSolution
		{F99141E8-0CEF-404D-843F-A528A2DC6C02}.Debug|Any CPU.ActiveCfg = Debug|Any CPU
		{F99141E8-0CEF-404D-843F-A528A2DC6C02}.Debug|Any CPU.Build.0 = Debug|Any CPU
		{F99141E8-0CEF-404D-843F-A528A2DC6C02}.Release|Any CPU.ActiveCfg = Release|Any CPU
		{F99141E8-0CEF-404D-843F-A528A2DC6C02}.Release|Any CPU.Build.0 = Release|Any CPU
		{FAEFB1EA-1952-4DB8-A872-99CDDC26AA95}.Debug|Any CPU.ActiveCfg = Debug|Any CPU
		{FAEFB1EA-1952-4DB8-A872-99CDDC26AA95}.Debug|Any CPU.Build.0 = Debug|Any CPU
		{FAEFB1EA-1952-4DB8-A872-99CDDC26AA95}.Release|Any CPU.ActiveCfg = Release|Any CPU
		{FAEFB1EA-1952-4DB8-A872-99CDDC26AA95}.Release|Any CPU.Build.0 = Release|Any CPU
		{DD84ED49-1261-4A18-8782-76934500FF8F}.Debug|Any CPU.ActiveCfg = Debug|Any CPU
		{DD84ED49-1261-4A18-8782-76934500FF8F}.Debug|Any CPU.Build.0 = Debug|Any CPU
		{DD84ED49-1261-4A18-8782-76934500FF8F}.Release|Any CPU.ActiveCfg = Release|Any CPU
		{DD84ED49-1261-4A18-8782-76934500FF8F}.Release|Any CPU.Build.0 = Release|Any CPU
		{B95DEE1C-0185-431E-9579-CCB6F2159371}.Debug|Any CPU.ActiveCfg = Debug|Any CPU
		{B95DEE1C-0185-431E-9579-CCB6F2159371}.Debug|Any CPU.Build.0 = Debug|Any CPU
		{B95DEE1C-0185-431E-9579-CCB6F2159371}.Release|Any CPU.ActiveCfg = Release|Any CPU
		{B95DEE1C-0185-431E-9579-CCB6F2159371}.Release|Any CPU.Build.0 = Release|Any CPU
	EndGlobalSection
	GlobalSection(SolutionProperties) = preSolution
		HideSolutionNode = FALSE
	EndGlobalSection
	GlobalSection(ExtensibilityGlobals) = postSolution
		SolutionGuid = {2416F275-040F-4C67-AF61-E92D1624E85A}
	EndGlobalSection
EndGlobal
